
Microsoft Visual Studio Solution File, Format Version 12.00
# Visual Studio Version 17
VisualStudioVersion = 17.0.32112.339
MinimumVisualStudioVersion = 10.0.40219.1
Project("{9A19103F-16F7-4668-BE54-9A1E7A4F7556}") = "Cgf.CameraControl.Main.Core", "src\Cgf.CameraControl.Main.Core\Cgf.CameraControl.Main.Core.csproj", "{CE709EDE-5478-4F90-A538-770E48AD00A3}"
EndProject
Project("{2150E333-8FDC-42A3-9474-1A3956D46DE8}") = "src", "src", "{4C71BA95-B19A-4743-A851-B631B1F4B485}"
EndProject
Project("{2150E333-8FDC-42A3-9474-1A3956D46DE8}") = "SolutionItems", "SolutionItems", "{892CD877-1F0E-4895-9AE0-B0D5B5BA1BDA}"
	ProjectSection(SolutionItems) = preProject
		.editorconfig = .editorconfig
		Cgf.CameraControl.Main.Core.sln.DotSettings = Cgf.CameraControl.Main.Core.sln.DotSettings
	EndProjectSection
EndProject
Project("{2150E333-8FDC-42A3-9474-1A3956D46DE8}") = "test", "test", "{85D098E3-5A5D-477C-88B4-97717B923933}"
EndProject
Project("{FAE04EC0-301F-11D3-BF4B-00C04F79EFBC}") = "Cgf.CameraControl.Main.Core.Test", "test\Cgf.CameraControl.Main.Core.Test\Cgf.CameraControl.Main.Core.Test.csproj", "{11CD57EA-BC2A-4EDE-A23F-9177A2921929}"
EndProject
Global
	GlobalSection(SolutionConfigurationPlatforms) = preSolution
		Debug|Any CPU = Debug|Any CPU
		Release|Any CPU = Release|Any CPU
	EndGlobalSection
	GlobalSection(ProjectConfigurationPlatforms) = postSolution
		{CE709EDE-5478-4F90-A538-770E48AD00A3}.Debug|Any CPU.ActiveCfg = Debug|Any CPU
		{CE709EDE-5478-4F90-A538-770E48AD00A3}.Debug|Any CPU.Build.0 = Debug|Any CPU
		{CE709EDE-5478-4F90-A538-770E48AD00A3}.Release|Any CPU.ActiveCfg = Release|Any CPU
		{CE709EDE-5478-4F90-A538-770E48AD00A3}.Release|Any CPU.Build.0 = Release|Any CPU
		{11CD57EA-BC2A-4EDE-A23F-9177A2921929}.Debug|Any CPU.ActiveCfg = Debug|Any CPU
		{11CD57EA-BC2A-4EDE-A23F-9177A2921929}.Debug|Any CPU.Build.0 = Debug|Any CPU
		{11CD57EA-BC2A-4EDE-A23F-9177A2921929}.Release|Any CPU.ActiveCfg = Release|Any CPU
		{11CD57EA-BC2A-4EDE-A23F-9177A2921929}.Release|Any CPU.Build.0 = Release|Any CPU
	EndGlobalSection
	GlobalSection(SolutionProperties) = preSolution
		HideSolutionNode = FALSE
	EndGlobalSection
	GlobalSection(NestedProjects) = preSolution
		{CE709EDE-5478-4F90-A538-770E48AD00A3} = {4C71BA95-B19A-4743-A851-B631B1F4B485}
		{11CD57EA-BC2A-4EDE-A23F-9177A2921929} = {85D098E3-5A5D-477C-88B4-97717B923933}
	EndGlobalSection
	GlobalSection(ExtensibilityGlobals) = postSolution
		SolutionGuid = {D5097651-5D53-4D0C-A71F-D7C31546387A}
	EndGlobalSection
EndGlobal
