
Microsoft Visual Studio Solution File, Format Version 12.00
# Visual Studio Version 17
VisualStudioVersion = 17.0.32112.339
MinimumVisualStudioVersion = 10.0.40219.1
Project("{9A19103F-16F7-4668-BE54-9A1E7A4F7556}") = "Cgf.CameraControl.Main.Core", "src\Cgf.CameraControl.Main.Core\Cgf.CameraControl.Main.Core.csproj", "{CE709EDE-5478-4F90-A538-770E48AD00A3}"
EndProject
Project("{2150E333-8FDC-42A3-9474-1A3956D46DE8}") = "src", "src", "{4C71BA95-B19A-4743-A851-B631B1F4B485}"
EndProject
Project("{2150E333-8FDC-42A3-9474-1A3956D46DE8}") = "SolutionItems", "SolutionItems", "{892CD877-1F0E-4895-9AE0-B0D5B5BA1BDA}"
	ProjectSection(SolutionItems) = preProject
		.editorconfig = .editorconfig
		Cgf.CameraControl.Main.Core.sln.DotSettings = Cgf.CameraControl.Main.Core.sln.DotSettings
	EndProjectSection
EndProject
Project("{2150E333-8FDC-42A3-9474-1A3956D46DE8}") = "test", "test", "{85D098E3-5A5D-477C-88B4-97717B923933}"
EndProject
Project("{9A19103F-16F7-4668-BE54-9A1E7A4F7556}") = "Cgf.CameraControl.Main.Core.Test", "test\Cgf.CameraControl.Main.Core.Test\Cgf.CameraControl.Main.Core.Test.csproj", "{11CD57EA-BC2A-4EDE-A23F-9177A2921929}"
EndProject
Project("{9A19103F-16F7-4668-BE54-9A1E7A4F7556}") = "Cgf.CameraControl.Main.Camera.Cgf.PtzLanc", "src\Cgf.CameraControl.Main.PtzLancCamera\Cgf.CameraControl.Main.Camera.Cgf.PtzLanc.csproj", "{D15F73E3-7E41-403B-B713-E0DBF17B1E32}"
EndProject
Project("{9A19103F-16F7-4668-BE54-9A1E7A4F7556}") = "Cgf.CameraControl.Main.VideoMixer.BlackmagicDesign.Atem", "src\Cgf.CameraControl.Main.VideoMixer.Atem\Cgf.CameraControl.Main.VideoMixer.BlackmagicDesign.Atem.csproj", "{B07D1F68-B30F-4002-8D39-FBE1E537C653}"
EndProject
Project("{9A19103F-16F7-4668-BE54-9A1E7A4F7556}") = "Cgf.CameraControl.Main.AtemConnection", "src\Cgf.CameraControl.Main.AtemConnection\Cgf.CameraControl.Main.AtemConnection.csproj", "{7FD6F9F0-BA29-4C56-A439-D1F391BD794F}"
EndProject
Project("{2150E333-8FDC-42A3-9474-1A3956D46DE8}") = "3rdParty", "3rdParty", "{5601A887-A0C4-4B0F-BDA5-717BAE0713DE}"
EndProject
Project("{9A19103F-16F7-4668-BE54-9A1E7A4F7556}") = "LibAtem", "3rdParty\LibAtem\LibAtem\LibAtem.csproj", "{9D97491F-D6A9-4CB9-BD4D-F2DE654CA84E}"
EndProject
Project("{9A19103F-16F7-4668-BE54-9A1E7A4F7556}") = "LibAtem.DeviceProfile", "3rdParty\LibAtem\LibAtem.DeviceProfile\LibAtem.DeviceProfile.csproj", "{519E622B-ADBE-42DF-B977-2AC3E4BB9520}"
EndProject
Project("{9A19103F-16F7-4668-BE54-9A1E7A4F7556}") = "LibAtem.Discovery", "3rdParty\LibAtem\LibAtem.Discovery\LibAtem.Discovery.csproj", "{3D3F5FC4-7F55-490B-9761-CE137DD55B95}"
EndProject
Project("{2150E333-8FDC-42A3-9474-1A3956D46DE8}") = "LibAtem", "LibAtem", "{2440F775-3A21-4714-BC5F-006B83F49F10}"
EndProject
Project("{9A19103F-16F7-4668-BE54-9A1E7A4F7556}") = "LibAtem.State", "3rdParty\LibAtem\LibAtem.State\LibAtem.State.csproj", "{5B929372-DD22-4133-B3F2-F7DE6A62035F}"
EndProject
Project("{9A19103F-16F7-4668-BE54-9A1E7A4F7556}") = "LibAtem.XmlState", "3rdParty\LibAtem\LibAtem.XmlState\LibAtem.XmlState.csproj", "{D4E77C68-0F9F-4821-92F8-DE2F76F2FBDA}"
EndProject
Global
	GlobalSection(SolutionConfigurationPlatforms) = preSolution
		Debug|Any CPU = Debug|Any CPU
		Release|Any CPU = Release|Any CPU
	EndGlobalSection
	GlobalSection(ProjectConfigurationPlatforms) = postSolution
		{CE709EDE-5478-4F90-A538-770E48AD00A3}.Debug|Any CPU.ActiveCfg = Debug|Any CPU
		{CE709EDE-5478-4F90-A538-770E48AD00A3}.Debug|Any CPU.Build.0 = Debug|Any CPU
		{CE709EDE-5478-4F90-A538-770E48AD00A3}.Release|Any CPU.ActiveCfg = Release|Any CPU
		{CE709EDE-5478-4F90-A538-770E48AD00A3}.Release|Any CPU.Build.0 = Release|Any CPU
		{11CD57EA-BC2A-4EDE-A23F-9177A2921929}.Debug|Any CPU.ActiveCfg = Debug|Any CPU
		{11CD57EA-BC2A-4EDE-A23F-9177A2921929}.Debug|Any CPU.Build.0 = Debug|Any CPU
		{11CD57EA-BC2A-4EDE-A23F-9177A2921929}.Release|Any CPU.ActiveCfg = Release|Any CPU
		{11CD57EA-BC2A-4EDE-A23F-9177A2921929}.Release|Any CPU.Build.0 = Release|Any CPU
		{D15F73E3-7E41-403B-B713-E0DBF17B1E32}.Debug|Any CPU.ActiveCfg = Debug|Any CPU
		{D15F73E3-7E41-403B-B713-E0DBF17B1E32}.Debug|Any CPU.Build.0 = Debug|Any CPU
		{D15F73E3-7E41-403B-B713-E0DBF17B1E32}.Release|Any CPU.ActiveCfg = Release|Any CPU
		{D15F73E3-7E41-403B-B713-E0DBF17B1E32}.Release|Any CPU.Build.0 = Release|Any CPU
		{B07D1F68-B30F-4002-8D39-FBE1E537C653}.Debug|Any CPU.ActiveCfg = Debug|Any CPU
		{B07D1F68-B30F-4002-8D39-FBE1E537C653}.Debug|Any CPU.Build.0 = Debug|Any CPU
		{B07D1F68-B30F-4002-8D39-FBE1E537C653}.Release|Any CPU.ActiveCfg = Release|Any CPU
		{B07D1F68-B30F-4002-8D39-FBE1E537C653}.Release|Any CPU.Build.0 = Release|Any CPU
		{7FD6F9F0-BA29-4C56-A439-D1F391BD794F}.Debug|Any CPU.ActiveCfg = Debug|Any CPU
		{7FD6F9F0-BA29-4C56-A439-D1F391BD794F}.Debug|Any CPU.Build.0 = Debug|Any CPU
		{7FD6F9F0-BA29-4C56-A439-D1F391BD794F}.Release|Any CPU.ActiveCfg = Release|Any CPU
		{7FD6F9F0-BA29-4C56-A439-D1F391BD794F}.Release|Any CPU.Build.0 = Release|Any CPU
		{9D97491F-D6A9-4CB9-BD4D-F2DE654CA84E}.Debug|Any CPU.ActiveCfg = Debug|Any CPU
		{9D97491F-D6A9-4CB9-BD4D-F2DE654CA84E}.Debug|Any CPU.Build.0 = Debug|Any CPU
		{9D97491F-D6A9-4CB9-BD4D-F2DE654CA84E}.Release|Any CPU.ActiveCfg = Release|Any CPU
		{9D97491F-D6A9-4CB9-BD4D-F2DE654CA84E}.Release|Any CPU.Build.0 = Release|Any CPU
		{519E622B-ADBE-42DF-B977-2AC3E4BB9520}.Debug|Any CPU.ActiveCfg = Debug|Any CPU
		{519E622B-ADBE-42DF-B977-2AC3E4BB9520}.Debug|Any CPU.Build.0 = Debug|Any CPU
		{519E622B-ADBE-42DF-B977-2AC3E4BB9520}.Release|Any CPU.ActiveCfg = Release|Any CPU
		{519E622B-ADBE-42DF-B977-2AC3E4BB9520}.Release|Any CPU.Build.0 = Release|Any CPU
		{3D3F5FC4-7F55-490B-9761-CE137DD55B95}.Debug|Any CPU.ActiveCfg = Debug|Any CPU
		{3D3F5FC4-7F55-490B-9761-CE137DD55B95}.Debug|Any CPU.Build.0 = Debug|Any CPU
		{3D3F5FC4-7F55-490B-9761-CE137DD55B95}.Release|Any CPU.ActiveCfg = Release|Any CPU
		{3D3F5FC4-7F55-490B-9761-CE137DD55B95}.Release|Any CPU.Build.0 = Release|Any CPU
		{5B929372-DD22-4133-B3F2-F7DE6A62035F}.Debug|Any CPU.ActiveCfg = Debug|Any CPU
		{5B929372-DD22-4133-B3F2-F7DE6A62035F}.Debug|Any CPU.Build.0 = Debug|Any CPU
		{5B929372-DD22-4133-B3F2-F7DE6A62035F}.Release|Any CPU.ActiveCfg = Release|Any CPU
		{5B929372-DD22-4133-B3F2-F7DE6A62035F}.Release|Any CPU.Build.0 = Release|Any CPU
		{D4E77C68-0F9F-4821-92F8-DE2F76F2FBDA}.Debug|Any CPU.ActiveCfg = Debug|Any CPU
		{D4E77C68-0F9F-4821-92F8-DE2F76F2FBDA}.Debug|Any CPU.Build.0 = Debug|Any CPU
		{D4E77C68-0F9F-4821-92F8-DE2F76F2FBDA}.Release|Any CPU.ActiveCfg = Release|Any CPU
		{D4E77C68-0F9F-4821-92F8-DE2F76F2FBDA}.Release|Any CPU.Build.0 = Release|Any CPU
	EndGlobalSection
	GlobalSection(SolutionProperties) = preSolution
		HideSolutionNode = FALSE
	EndGlobalSection
	GlobalSection(NestedProjects) = preSolution
		{CE709EDE-5478-4F90-A538-770E48AD00A3} = {4C71BA95-B19A-4743-A851-B631B1F4B485}
		{11CD57EA-BC2A-4EDE-A23F-9177A2921929} = {85D098E3-5A5D-477C-88B4-97717B923933}
		{D15F73E3-7E41-403B-B713-E0DBF17B1E32} = {4C71BA95-B19A-4743-A851-B631B1F4B485}
		{B07D1F68-B30F-4002-8D39-FBE1E537C653} = {4C71BA95-B19A-4743-A851-B631B1F4B485}
		{7FD6F9F0-BA29-4C56-A439-D1F391BD794F} = {4C71BA95-B19A-4743-A851-B631B1F4B485}
		{9D97491F-D6A9-4CB9-BD4D-F2DE654CA84E} = {2440F775-3A21-4714-BC5F-006B83F49F10}
		{519E622B-ADBE-42DF-B977-2AC3E4BB9520} = {2440F775-3A21-4714-BC5F-006B83F49F10}
		{3D3F5FC4-7F55-490B-9761-CE137DD55B95} = {2440F775-3A21-4714-BC5F-006B83F49F10}
		{2440F775-3A21-4714-BC5F-006B83F49F10} = {5601A887-A0C4-4B0F-BDA5-717BAE0713DE}
		{5B929372-DD22-4133-B3F2-F7DE6A62035F} = {2440F775-3A21-4714-BC5F-006B83F49F10}
		{D4E77C68-0F9F-4821-92F8-DE2F76F2FBDA} = {2440F775-3A21-4714-BC5F-006B83F49F10}
	EndGlobalSection
	GlobalSection(ExtensibilityGlobals) = postSolution
		SolutionGuid = {D5097651-5D53-4D0C-A71F-D7C31546387A}
	EndGlobalSection
EndGlobal
